version = 1
revision = 3
requires-python = "==3.12.*"

[[package]]
name = "aria-dramatiq-queue-evaluation"
version = "0.1.0"
source = { virtual = "." }
dependencies = [
    { name = "dramatiq", extra = ["redis"] },
]

[package.metadata]
requires-dist = [{ name = "dramatiq", extras = ["redis"], specifier = "==2.2.1" }]

[[package]]
name = "dramatiq"
version = "2.2.1"
source = { registry = "https://pypi.org/simple" }
sdist = { url = "https://files.pythonhosted.org/packages/14/6d/d056a8ba251c216da054fc5db9ad7931bfb9ab28851e8b86acd770ce8867/dramatiq-2.2.1.tar.gz", hash = "sha256:f9fbbd2feea27b3fa4085446242a24d86f78288b20c78a93f9f0bdbd7d908cd5", size = 109994, upload-time = "2026-09-02T07:55:09.979Z" }
wheels = [
    { url = "https://files.pythonhosted.org/packages/8c/13/0550ff585ade7b423e2ecaac29c4ab88673a58ae92ef25b6629089a2b92c/dramatiq-2.2.1-py3-none-any.whl", hash = "sha256:4e2466d07d5a1c4910b49944e5b45704c123b82325384e1319f6d08d94559c46", size = 127754, upload-time = "2026-09-02T07:55:08.423Z" },
]

[package.optional-dependencies]
redis = [
    { name = "redis" },
]

[[package]]
name = "redis"
version = "8.1.0"
source = { registry = "https://pypi.org/simple" }
sdist = { url = "https://files.pythonhosted.org/packages/a8/99/604f0b666d4c616d891cf77ebb9db6bb21601344c051aebf1b72b9ff915f/redis-8.1.0.tar.gz", hash = "sha256:6e1a19beef9225c83efd689c7e6b7da2d5215b1f42cd13b7fc3714d0a09c7b25", size = 5254356, upload-time = "2026-07-30T08:51:00.269Z" }
wheels = [
    { url = "https://files.pythonhosted.org/packages/66/9d/c5731f6e3608663d4d3656fd8d3aecee8b509c3082818f5a13eae925baea/redis-8.1.0-py3-none-any.whl", hash = "sha256:a4fe1aac3d3b3cc791d4b3d5931c5a956045dc951ee74d1c913ee3ac4d2ee9fb", size = 560618, upload-time = "2026-07-30T08:50:58.497Z" },
]
